
Microsoft Visual Studio Solution File, Format Version 12.00
# Visual Studio Version 16
VisualStudioVersion = 16.0.30621.155
MinimumVisualStudioVersion = 10.0.40219.1
Project("{9A19103F-16F7-4668-BE54-9A1E7A4F7556}") = "eShopSolution.WebApp", "eShopSolution.WebApp\eShopSolution.WebApp.csproj", "{4493167C-14F2-4893-AF65-4A04134E50CE}"
EndProject
Project("{2150E333-8FDC-42A3-9474-1A3956D46DE8}") = "Solution Items", "Solution Items", "{DB7F6D42-6F78-47FC-BE89-7F7ADF426498}"
	ProjectSection(SolutionItems) = preProject
		README.md = README.md
	EndProjectSection
EndProject
Project("{FAE04EC0-301F-11D3-BF4B-00C04F79EFBC}") = "eShopSolution.Data", "eShopSolution.Data\eShopSolution.Data.csproj", "{43C9C696-C140-493A-9206-6D6FDF70E3F2}"
EndProject
Project("{FAE04EC0-301F-11D3-BF4B-00C04F79EFBC}") = "eShopSolution.Application", "eShopSolution.Application\eShopSolution.Application.csproj", "{86C8937B-078A-4C3F-9AA5-7E0046024027}"
EndProject
Global
	GlobalSection(SolutionConfigurationPlatforms) = preSolution
		Debug|Any CPU = Debug|Any CPU
		Release|Any CPU = Release|Any CPU
	EndGlobalSection
	GlobalSection(ProjectConfigurationPlatforms) = postSolution
		{4493167C-14F2-4893-AF65-4A04134E50CE}.Debug|Any CPU.ActiveCfg = Debug|Any CPU
		{4493167C-14F2-4893-AF65-4A04134E50CE}.Debug|Any CPU.Build.0 = Debug|Any CPU
		{4493167C-14F2-4893-AF65-4A04134E50CE}.Release|Any CPU.ActiveCfg = Release|Any CPU
		{4493167C-14F2-4893-AF65-4A04134E50CE}.Release|Any CPU.Build.0 = Release|Any CPU
		{43C9C696-C140-493A-9206-6D6FDF70E3F2}.Debug|Any CPU.ActiveCfg = Debug|Any CPU
		{43C9C696-C140-493A-9206-6D6FDF70E3F2}.Debug|Any CPU.Build.0 = Debug|Any CPU
		{43C9C696-C140-493A-9206-6D6FDF70E3F2}.Release|Any CPU.ActiveCfg = Release|Any CPU
		{43C9C696-C140-493A-9206-6D6FDF70E3F2}.Release|Any CPU.Build.0 = Release|Any CPU
		{86C8937B-078A-4C3F-9AA5-7E0046024027}.Debug|Any CPU.ActiveCfg = Debug|Any CPU
		{86C8937B-078A-4C3F-9AA5-7E0046024027}.Debug|Any CPU.Build.0 = Debug|Any CPU
		{86C8937B-078A-4C3F-9AA5-7E0046024027}.Release|Any CPU.ActiveCfg = Release|Any CPU
		{86C8937B-078A-4C3F-9AA5-7E0046024027}.Release|Any CPU.Build.0 = Release|Any CPU
	EndGlobalSection
	GlobalSection(SolutionProperties) = preSolution
		HideSolutionNode = FALSE
	EndGlobalSection
	GlobalSection(ExtensibilityGlobals) = postSolution
		SolutionGuid = {13E94D7F-0C48-495A-BA90-4D8FF191B21E}
	EndGlobalSection
EndGlobal
